
Microsoft Visual Studio Solution File, Format Version 12.00
# Visual Studio Version 17
VisualStudioVersion = 17.4.33213.308
MinimumVisualStudioVersion = 10.0.40219.1
Project("{FAE04EC0-301F-11D3-BF4B-00C04F79EFBC}") = "CurrencyExchanger.Android", "CurrencyExchanger\CurrencyExchanger.Android\CurrencyExchanger.Android.csproj", "{F3071E3D-C4B6-4248-BCF7-6509F33FB01A}"
EndProject
Project("{9A19103F-16F7-4668-BE54-9A1E7A4F7556}") = "CurrencyExchanger", "CurrencyExchanger\CurrencyExchanger\CurrencyExchanger.csproj", "{298284B9-2F09-4273-AA95-A5462442CB85}"
EndProject
Project("{9A19103F-16F7-4668-BE54-9A1E7A4F7556}") = "Business", "Business\Business.csproj", "{0EE6FF63-2254-4928-BAA8-35D346998983}"
EndProject
Project("{9A19103F-16F7-4668-BE54-9A1E7A4F7556}") = "Storage", "Data\Storage.csproj", "{6ECADFAC-7854-4D33-9708-B901440FC143}"
EndProject
Project("{FAE04EC0-301F-11D3-BF4B-00C04F79EFBC}") = "CurrencyHttpClient", "CurrencyClient\CurrencyHttpClient.csproj", "{4F2E7848-D312-476F-89CA-13367210EB77}"
EndProject
Global
	GlobalSection(SolutionConfigurationPlatforms) = preSolution
		Debug|Any CPU = Debug|Any CPU
		Release|Any CPU = Release|Any CPU
	EndGlobalSection
	GlobalSection(ProjectConfigurationPlatforms) = postSolution
		{F3071E3D-C4B6-4248-BCF7-6509F33FB01A}.Debug|Any CPU.ActiveCfg = Debug|Any CPU
		{F3071E3D-C4B6-4248-BCF7-6509F33FB01A}.Debug|Any CPU.Build.0 = Debug|Any CPU
		{F3071E3D-C4B6-4248-BCF7-6509F33FB01A}.Debug|Any CPU.Deploy.0 = Debug|Any CPU
		{F3071E3D-C4B6-4248-BCF7-6509F33FB01A}.Release|Any CPU.ActiveCfg = Release|Any CPU
		{F3071E3D-C4B6-4248-BCF7-6509F33FB01A}.Release|Any CPU.Build.0 = Release|Any CPU
		{F3071E3D-C4B6-4248-BCF7-6509F33FB01A}.Release|Any CPU.Deploy.0 = Release|Any CPU
		{298284B9-2F09-4273-AA95-A5462442CB85}.Debug|Any CPU.ActiveCfg = Debug|Any CPU
		{298284B9-2F09-4273-AA95-A5462442CB85}.Debug|Any CPU.Build.0 = Debug|Any CPU
		{298284B9-2F09-4273-AA95-A5462442CB85}.Debug|Any CPU.Deploy.0 = Debug|Any CPU
		{298284B9-2F09-4273-AA95-A5462442CB85}.Release|Any CPU.ActiveCfg = Release|Any CPU
		{298284B9-2F09-4273-AA95-A5462442CB85}.Release|Any CPU.Build.0 = Release|Any CPU
		{298284B9-2F09-4273-AA95-A5462442CB85}.Release|Any CPU.Deploy.0 = Release|Any CPU
		{0EE6FF63-2254-4928-BAA8-35D346998983}.Debug|Any CPU.ActiveCfg = Debug|Any CPU
		{0EE6FF63-2254-4928-BAA8-35D346998983}.Debug|Any CPU.Build.0 = Debug|Any CPU
		{0EE6FF63-2254-4928-BAA8-35D346998983}.Release|Any CPU.ActiveCfg = Release|Any CPU
		{0EE6FF63-2254-4928-BAA8-35D346998983}.Release|Any CPU.Build.0 = Release|Any CPU
		{6ECADFAC-7854-4D33-9708-B901440FC143}.Debug|Any CPU.ActiveCfg = Debug|Any CPU
		{6ECADFAC-7854-4D33-9708-B901440FC143}.Debug|Any CPU.Build.0 = Debug|Any CPU
		{6ECADFAC-7854-4D33-9708-B901440FC143}.Release|Any CPU.ActiveCfg = Release|Any CPU
		{6ECADFAC-7854-4D33-9708-B901440FC143}.Release|Any CPU.Build.0 = Release|Any CPU
		{4F2E7848-D312-476F-89CA-13367210EB77}.Debug|Any CPU.ActiveCfg = Debug|Any CPU
		{4F2E7848-D312-476F-89CA-13367210EB77}.Debug|Any CPU.Build.0 = Debug|Any CPU
		{4F2E7848-D312-476F-89CA-13367210EB77}.Release|Any CPU.ActiveCfg = Release|Any CPU
		{4F2E7848-D312-476F-89CA-13367210EB77}.Release|Any CPU.Build.0 = Release|Any CPU
	EndGlobalSection
	GlobalSection(SolutionProperties) = preSolution
		HideSolutionNode = FALSE
	EndGlobalSection
	GlobalSection(ExtensibilityGlobals) = postSolution
		SolutionGuid = {10733B73-CF11-4041-A1DA-0E2C0DA9CAE9}
	EndGlobalSection
EndGlobal
